// !$*UTF8*$!
{
	archiveVersion = 1;
	classes = {
	};
	objectVersion = 50;
	objects = {

/* Begin PBXBuildFile section */
		BA069CEC24184900000951D6 /* Utils.swift in Sources */ = {isa = PBXBuildFile; fileRef = BA069CEB24184900000951D6 /* Utils.swift */; };
		BA0B54622417C827000A68CB /* AppDelegate.swift in Sources */ = {isa = PBXBuildFile; fileRef = BA0B54612417C827000A68CB /* AppDelegate.swift */; };
		BA0B54642417C827000A68CB /* SceneDelegate.swift in Sources */ = {isa = PBXBuildFile; fileRef = BA0B54632417C827000A68CB /* SceneDelegate.swift */; };
		BA0B54662417C827000A68CB /* ViewController.swift in Sources */ = {isa = PBXBuildFile; fileRef = BA0B54652417C827000A68CB /* ViewController.swift */; };
		BA0B54692417C827000A68CB /* Main.storyboard in Resources */ = {isa = PBXBuildFile; fileRef = BA0B54672417C827000A68CB /* Main.storyboard */; };
		BA0B546B2417C829000A68CB /* Assets.xcassets in Resources */ = {isa = PBXBuildFile; fileRef = BA0B546A2417C829000A68CB /* Assets.xcassets */; };
		BA0B546E2417C829000A68CB /* LaunchScreen.storyboard in Resources */ = {isa = PBXBuildFile; fileRef = BA0B546C2417C829000A68CB /* LaunchScreen.storyboard */; };
		BA0B54762417C8EC000A68CB /* SignUpViewController.swift in Sources */ = {isa = PBXBuildFile; fileRef = BA0B54752417C8EC000A68CB /* SignUpViewController.swift */; };
		BA10118D24191DBD0036CC8C /* GoogleService-Info.plist in Resources */ = {isa = PBXBuildFile; fileRef = BA10118C24191DBD0036CC8C /* GoogleService-Info.plist */; };
		BAFD97622417CA2F0054BA83 /* LoginViewController.swift in Sources */ = {isa = PBXBuildFile; fileRef = BAFD97612417CA2F0054BA83 /* LoginViewController.swift */; };
		BAFD97642417CA500054BA83 /* HomeViewController.swift in Sources */ = {isa = PBXBuildFile; fileRef = BAFD97632417CA500054BA83 /* HomeViewController.swift */; };
/* End PBXBuildFile section */

/* Begin PBXFileReference section */
		BA069CEB24184900000951D6 /* Utils.swift */ = {isa = PBXFileReference; lastKnownFileType = sourcecode.swift; path = Utils.swift; sourceTree = "<group>"; };
		BA0B545E2417C827000A68CB /* LoginAuthorization.app */ = {isa = PBXFileReference; explicitFileType = wrapper.application; includeInIndex = 0; path = LoginAuthorization.app; sourceTree = BUILT_PRODUCTS_DIR; };
		BA0B54612417C827000A68CB /* AppDelegate.swift */ = {isa = PBXFileReference; lastKnownFileType = sourcecode.swift; path = AppDelegate.swift; sourceTree = "<group>"; };
		BA0B54632417C827000A68CB /* SceneDelegate.swift */ = {isa = PBXFileReference; lastKnownFileType = sourcecode.swift; path = SceneDelegate.swift; sourceTree = "<group>"; };
		BA0B54652417C827000A68CB /* ViewController.swift */ = {isa = PBXFileReference; lastKnownFileType = sourcecode.swift; path = ViewController.swift; sourceTree = "<group>"; };
		BA0B54682417C827000A68CB /* Base */ = {isa = PBXFileReference; lastKnownFileType = file.storyboard; name = Base; path = Base.lproj/Main.storyboard; sourceTree = "<group>"; };
		BA0B546A2417C829000A68CB /* Assets.xcassets */ = {isa = PBXFileReference; lastKnownFileType = folder.assetcatalog; path = Assets.xcassets; sourceTree = "<group>"; };
		BA0B546D2417C829000A68CB /* Base */ = {isa = PBXFileReference; lastKnownFileType = file.storyboard; name = Base; path = Base.lproj/LaunchScreen.storyboard; sourceTree = "<group>"; };
		BA0B546F2417C829000A68CB /* Info.plist */ = {isa = PBXFileReference; lastKnownFileType = text.plist.xml; path = Info.plist; sourceTree = "<group>"; };
		BA0B54752417C8EC000A68CB /* SignUpViewController.swift */ = {isa = PBXFileReference; lastKnownFileType = sourcecode.swift; path = SignUpViewController.swift; sourceTree = "<group>"; };
		BA10118C24191DBD0036CC8C /* GoogleService-Info.plist */ = {isa = PBXFileReference; fileEncoding = 4; lastKnownFileType = text.plist.xml; path = "GoogleService-Info.plist"; sourceTree = "<group>"; };
		BAFD97612417CA2F0054BA83 /* LoginViewController.swift */ = {isa = PBXFileReference; lastKnownFileType = sourcecode.swift; path = LoginViewController.swift; sourceTree = "<group>"; };
		BAFD97632417CA500054BA83 /* HomeViewController.swift */ = {isa = PBXFileReference; lastKnownFileType = sourcecode.swift; path = HomeViewController.swift; sourceTree = "<group>"; };
/* End PBXFileReference section */

/* Begin PBXFrameworksBuildPhase section */
		BA0B545B2417C827000A68CB /* Frameworks */ = {
			isa = PBXFrameworksBuildPhase;
			buildActionMask = 2147483647;
			files = (
			);
			runOnlyForDeploymentPostprocessing = 0;
		};
/* End PBXFrameworksBuildPhase section */

/* Begin PBXGroup section */
		BA069CED24184911000951D6 /* Helpers */ = {
			isa = PBXGroup;
			children = (
				BA069CEB24184900000951D6 /* Utils.swift */,
			);
			path = Helpers;
			sourceTree = "<group>";
		};
		BA0B54552417C827000A68CB = {
			isa = PBXGroup;
			children = (
				BA0B54602417C827000A68CB /* LoginAuthorization */,
				BA0B545F2417C827000A68CB /* Products */,
			);
			sourceTree = "<group>";
		};
		BA0B545F2417C827000A68CB /* Products */ = {
			isa = PBXGroup;
			children = (
				BA0B545E2417C827000A68CB /* LoginAuthorization.app */,
			);
			name = Products;
			sourceTree = "<group>";
		};
		BA0B54602417C827000A68CB /* LoginAuthorization */ = {
			isa = PBXGroup;
			children = (
				BA069CED24184911000951D6 /* Helpers */,
				BAFD97652417CA7A0054BA83 /* View Controlles */,
				BA0B54612417C827000A68CB /* AppDelegate.swift */,
				BA0B54632417C827000A68CB /* SceneDelegate.swift */,
				BA0B54672417C827000A68CB /* Main.storyboard */,
				BA0B546A2417C829000A68CB /* Assets.xcassets */,
				BA0B546C2417C829000A68CB /* LaunchScreen.storyboard */,
				BA0B546F2417C829000A68CB /* Info.plist */,
				BA10118C24191DBD0036CC8C /* GoogleService-Info.plist */,
			);
			path = LoginAuthorization;
			sourceTree = "<group>";
		};
		BAFD97652417CA7A0054BA83 /* View Controlles */ = {
			isa = PBXGroup;
			children = (
				BA0B54752417C8EC000A68CB /* SignUpViewController.swift */,
				BAFD97612417CA2F0054BA83 /* LoginViewController.swift */,
				BAFD97632417CA500054BA83 /* HomeViewController.swift */,
				BA0B54652417C827000A68CB /* ViewController.swift */,
			);
			path = "View Controlles";
			sourceTree = "<group>";
		};
/* End PBXGroup section */

/* Begin PBXNativeTarget section */
		BA0B545D2417C827000A68CB /* LoginAuthorization */ = {
			isa = PBXNativeTarget;
			buildConfigurationList = BA0B54722417C829000A68CB /* Build configuration list for PBXNativeTarget "LoginAuthorization" */;
			buildPhases = (
				BA0B545A2417C827000A68CB /* Sources */,
				BA0B545B2417C827000A68CB /* Frameworks */,
				BA0B545C2417C827000A68CB /* Resources */,
			);
			buildRules = (
			);
			dependencies = (
			);
			name = LoginAuthorization;
			productName = LoginAuthorization;
			productReference = BA0B545E2417C827000A68CB /* LoginAuthorization.app */;
			productType = "com.apple.product-type.application";
		};
/* End PBXNativeTarget section */

/* Begin PBXProject section */
		BA0B54562417C827000A68CB /* Project object */ = {
			isa = PBXProject;
			attributes = {
				LastSwiftUpdateCheck = 1130;
				LastUpgradeCheck = 1130;
				ORGANIZATIONNAME = "Александр Батышев ";
				TargetAttributes = {
					BA0B545D2417C827000A68CB = {
						CreatedOnToolsVersion = 11.3.1;
					};
				};
			};
			buildConfigurationList = BA0B54592417C827000A68CB /* Build configuration list for PBXProject "LoginAuthorization" */;
			compatibilityVersion = "Xcode 9.3";
			developmentRegion = en;
			hasScannedForEncodings = 0;
			knownRegions = (
				en,
				Base,
			);
			mainGroup = BA0B54552417C827000A68CB;
			productRefGroup = BA0B545F2417C827000A68CB /* Products */;
			projectDirPath = "";
			projectRoot = "";
			targets = (
				BA0B545D2417C827000A68CB /* LoginAuthorization */,
			);
		};
/* End PBXProject section */

/* Begin PBXResourcesBuildPhase section */
		BA0B545C2417C827000A68CB /* Resources */ = {
			isa = PBXResourcesBuildPhase;
			buildActionMask = 2147483647;
			files = (
				BA0B546E2417C829000A68CB /* LaunchScreen.storyboard in Resources */,
				BA10118D24191DBD0036CC8C /* GoogleService-Info.plist in Resources */,
				BA0B546B2417C829000A68CB /* Assets.xcassets in Resources */,
				BA0B54692417C827000A68CB /* Main.storyboard in Resources */,
			);
			runOnlyForDeploymentPostprocessing = 0;
		};
/* End PBXResourcesBuildPhase section */

/* Begin PBXSourcesBuildPhase section */
		BA0B545A2417C827000A68CB /* Sources */ = {
			isa = PBXSourcesBuildPhase;
			buildActionMask = 2147483647;
			files = (
				BA0B54662417C827000A68CB /* ViewController.swift in Sources */,
				BA0B54622417C827000A68CB /* AppDelegate.swift in Sources */,
				BA0B54762417C8EC000A68CB /* SignUpViewController.swift in Sources */,
				BA069CEC24184900000951D6 /* Utils.swift in Sources */,
				BAFD97622417CA2F0054BA83 /* LoginViewController.swift in Sources */,
				BA0B54642417C827000A68CB /* SceneDelegate.swift in Sources */,
				BAFD97642417CA500054BA83 /* HomeViewController.swift in Sources */,
			);
			runOnlyForDeploymentPostprocessing = 0;
		};
/* End PBXSourcesBuildPhase section */

/* Begin PBXVariantGroup section */
		BA0B54672417C827000A68CB /* Main.storyboard */ = {
			isa = PBXVariantGroup;
			children = (
				BA0B54682417C827000A68CB /* Base */,
			);
			name = Main.storyboard;
			sourceTree = "<group>";
		};
		BA0B546C2417C829000A68CB /* LaunchScreen.storyboard */ = {
			isa = PBXVariantGroup;
			children = (
				BA0B546D2417C829000A68CB /* Base */,
			);
			name = LaunchScreen.storyboard;
			sourceTree = "<group>";
		};
/* End PBXVariantGroup section */

/* Begin XCBuildConfiguration section */
		BA0B54702417C829000A68CB /* Debug */ = {
			isa = XCBuildConfiguration;
			buildSettings = {
				ALWAYS_SEARCH_USER_PATHS = NO;
				CLANG_ANALYZER_NONNULL = YES;
				CLANG_ANALYZER_NUMBER_OBJECT_CONVERSION = YES_AGGRESSIVE;
				CLANG_CXX_LANGUAGE_STANDARD = "gnu++14";
				CLANG_CXX_LIBRARY = "libc++";
				CLANG_ENABLE_MODULES = YES;
				CLANG_ENABLE_OBJC_ARC = YES;
				CLANG_ENABLE_OBJC_WEAK = YES;
				CLANG_WARN_BLOCK_CAPTURE_AUTORELEASING = YES;
				CLANG_WARN_BOOL_CONVERSION = YES;
				CLANG_WARN_COMMA = YES;
				CLANG_WARN_CONSTANT_CONVERSION = YES;
				CLANG_WARN_DEPRECATED_OBJC_IMPLEMENTATIONS = YES;
				CLANG_WARN_DIRECT_OBJC_ISA_USAGE = YES_ERROR;
				CLANG_WARN_DOCUMENTATION_COMMENTS = YES;
				CLANG_WARN_EMPTY_BODY = YES;
				CLANG_WARN_ENUM_CONVERSION = YES;
				CLANG_WARN_INFINITE_RECURSION = YES;
				CLANG_WARN_INT_CONVERSION = YES;
				CLANG_WARN_NON_LITERAL_NULL_CONVERSION = YES;
				CLANG_WARN_OBJC_IMPLICIT_RETAIN_SELF = YES;
				CLANG_WARN_OBJC_LITERAL_CONVERSION = YES;
				CLANG_WARN_OBJC_ROOT_CLASS = YES_ERROR;
				CLANG_WARN_RANGE_LOOP_ANALYSIS = YES;
				CLANG_WARN_STRICT_PROTOTYPES = YES;
				CLANG_WARN_SUSPICIOUS_MOVE = YES;
				CLANG_WARN_UNGUARDED_AVAILABILITY = YES_AGGRESSIVE;
				CLANG_WARN_UNREACHABLE_CODE = YES;
				CLANG_WARN__DUPLICATE_METHOD_MATCH = YES;
				COPY_PHASE_STRIP = NO;
				DEBUG_INFORMATION_FORMAT = dwarf;
				ENABLE_STRICT_OBJC_MSGSEND = YES;
				ENABLE_TESTABILITY = YES;
				GCC_C_LANGUAGE_STANDARD = gnu11;
				GCC_DYNAMIC_NO_PIC = NO;
				GCC_NO_COMMON_BLOCKS = YES;
				GCC_OPTIMIZATION_LEVEL = 0;
				GCC_PREPROCESSOR_DEFINITIONS = (
					"DEBUG=1",
					"$(inherited)",
				);
				GCC_WARN_64_TO_32_BIT_CONVERSION = YES;
				GCC_WARN_ABOUT_RETURN_TYPE = YES_ERROR;
				GCC_WARN_UNDECLARED_SELECTOR = YES;
				GCC_WARN_UNINITIALIZED_AUTOS = YES_AGGRESSIVE;
				GCC_WARN_UNUSED_FUNCTION = YES;
				GCC_WARN_UNUSED_VARIABLE = YES;
				IPHONEOS_DEPLOYMENT_TARGET = 13.2;
				MTL_ENABLE_DEBUG_INFO = INCLUDE_SOURCE;
				MTL_FAST_MATH = YES;
				ONLY_ACTIVE_ARCH = YES;
				SDKROOT = iphoneos;
				SWIFT_ACTIVE_COMPILATION_CONDITIONS = DEBUG;
				SWIFT_OPTIMIZATION_LEVEL = "-Onone";
			};
			name = Debug;
		};
		BA0B54712417C829000A68CB /* Release */ = {
			isa = XCBuildConfiguration;
			buildSettings = {
				ALWAYS_SEARCH_USER_PATHS = NO;
				CLANG_ANALYZER_NONNULL = YES;
				CLANG_ANALYZER_NUMBER_OBJECT_CONVERSION = YES_AGGRESSIVE;
				CLANG_CXX_LANGUAGE_STANDARD = "gnu++14";
				CLANG_CXX_LIBRARY = "libc++";
				CLANG_ENABLE_MODULES = YES;
				CLANG_ENABLE_OBJC_ARC = YES;
				CLANG_ENABLE_OBJC_WEAK = YES;
				CLANG_WARN_BLOCK_CAPTURE_AUTORELEASING = YES;
				CLANG_WARN_BOOL_CONVERSION = YES;
				CLANG_WARN_COMMA = YES;
				CLANG_WARN_CONSTANT_CONVERSION = YES;
				CLANG_WARN_DEPRECATED_OBJC_IMPLEMENTATIONS = YES;
				CLANG_WARN_DIRECT_OBJC_ISA_USAGE = YES_ERROR;
				CLANG_WARN_DOCUMENTATION_COMMENTS = YES;
				CLANG_WARN_EMPTY_BODY = YES;
				CLANG_WARN_ENUM_CONVERSION = YES;
				CLANG_WARN_INFINITE_RECURSION = YES;
				CLANG_WARN_INT_CONVERSION = YES;
				CLANG_WARN_NON_LITERAL_NULL_CONVERSION = YES;
				CLANG_WARN_OBJC_IMPLICIT_RETAIN_SELF = YES;
				CLANG_WARN_OBJC_LITERAL_CONVERSION = YES;
				CLANG_WARN_OBJC_ROOT_CLASS = YES_ERROR;
				CLANG_WARN_RANGE_LOOP_ANALYSIS = YES;
				CLANG_WARN_STRICT_PROTOTYPES = YES;
				CLANG_WARN_SUSPICIOUS_MOVE = YES;
				CLANG_WARN_UNGUARDED_AVAILABILITY = YES_AGGRESSIVE;
				CLANG_WARN_UNREACHABLE_CODE = YES;
				CLANG_WARN__DUPLICATE_METHOD_MATCH = YES;
				COPY_PHASE_STRIP = NO;
				DEBUG_INFORMATION_FORMAT = "dwarf-with-dsym";
				ENABLE_NS_ASSERTIONS = NO;
				ENABLE_STRICT_OBJC_MSGSEND = YES;
				GCC_C_LANGUAGE_STANDARD = gnu11;
				GCC_NO_COMMON_BLOCKS = YES;
				GCC_WARN_64_TO_32_BIT_CONVERSION = YES;
				GCC_WARN_ABOUT_RETURN_TYPE = YES_ERROR;
				GCC_WARN_UNDECLARED_SELECTOR = YES;
				GCC_WARN_UNINITIALIZED_AUTOS = YES_AGGRESSIVE;
				GCC_WARN_UNUSED_FUNCTION = YES;
				GCC_WARN_UNUSED_VARIABLE = YES;
				IPHONEOS_DEPLOYMENT_TARGET = 13.2;
				MTL_ENABLE_DEBUG_INFO = NO;
				MTL_FAST_MATH = YES;
				SDKROOT = iphoneos;
				SWIFT_COMPILATION_MODE = wholemodule;
				SWIFT_OPTIMIZATION_LEVEL = "-O";
				VALIDATE_PRODUCT = YES;
			};
			name = Release;
		};
		BA0B54732417C829000A68CB /* Debug */ = {
			isa = XCBuildConfiguration;
			buildSettings = {
				ASSETCATALOG_COMPILER_APPICON_NAME = AppIcon;
				CODE_SIGN_STYLE = Automatic;
				INFOPLIST_FILE = LoginAuthorization/Info.plist;
				LD_RUNPATH_SEARCH_PATHS = (
					"$(inherited)",
					"@executable_path/Frameworks",
				);
				PRODUCT_BUNDLE_IDENTIFIER = LaLaLa.LoginAuthorization;
				PRODUCT_NAME = "$(TARGET_NAME)";
				SWIFT_VERSION = 5.0;
				TARGETED_DEVICE_FAMILY = "1,2";
			};
			name = Debug;
		};
		BA0B54742417C829000A68CB /* Release */ = {
			isa = XCBuildConfiguration;
			buildSettings = {
				ASSETCATALOG_COMPILER_APPICON_NAME = AppIcon;
				CODE_SIGN_STYLE = Automatic;
				INFOPLIST_FILE = LoginAuthorization/Info.plist;
				LD_RUNPATH_SEARCH_PATHS = (
					"$(inherited)",
					"@executable_path/Frameworks",
				);
				PRODUCT_BUNDLE_IDENTIFIER = LaLaLa.LoginAuthorization;
				PRODUCT_NAME = "$(TARGET_NAME)";
				SWIFT_VERSION = 5.0;
				TARGETED_DEVICE_FAMILY = "1,2";
			};
			name = Release;
		};
/* End XCBuildConfiguration section */

/* Begin XCConfigurationList section */
		BA0B54592417C827000A68CB /* Build configuration list for PBXProject "LoginAuthorization" */ = {
			isa = XCConfigurationList;
			buildConfigurations = (
				BA0B54702417C829000A68CB /* Debug */,
				BA0B54712417C829000A68CB /* Release */,
			);
			defaultConfigurationIsVisible = 0;
			defaultConfigurationName = Release;
		};
		BA0B54722417C829000A68CB /* Build configuration list for PBXNativeTarget "LoginAuthorization" */ = {
			isa = XCConfigurationList;
			buildConfigurations = (
				BA0B54732417C829000A68CB /* Debug */,
				BA0B54742417C829000A68CB /* Release */,
			);
			defaultConfigurationIsVisible = 0;
			defaultConfigurationName = Release;
		};
/* End XCConfigurationList section */
	};
	rootObject = BA0B54562417C827000A68CB /* Project object */;
}
